{
  "meteor": {},
  "dependencies": {
    "basePackages": {
      "bootstrap3-less": {}
    },
    "packages": {
      "bootstrap3-less": {
        "git": "https://github.com/eprochasson/bootstrap3-less",
        "tag": "v0.1.4",
        "commit": "23ec918f8377b15b22cba33e13b717214235c88a"
      }
    }
  }
}
